<?xml version="1.0" encoding="utf-8"?>
<Project ToolsVersion="4.0" xmlns="http://schemas.microsoft.com/developer/msbuild/2003">
  <ItemGroup>
    <Filter Include="ソース ファイル">
      <UniqueIdentifier>{4FC737F1-C7A5-4376-A066-2A32D752A2FF}</UniqueIdentifier>
      <Extensions>cpp;c;cc;cxx;c++;cppm;ixx;def;odl;idl;hpj;bat;asm;asmx</Extensions>
    </Filter>
    <Filter Include="ヘッダー ファイル">
      <UniqueIdentifier>{93995380-89BD-4b04-88EB-625FBE52EBFB}</UniqueIdentifier>
      <Extensions>h;hh;hpp;hxx;h++;hm;inl;inc;ipp;xsd</Extensions>
    </Filter>
    <Filter Include="リソース ファイル">
      <UniqueIdentifier>{67DA6AB6-F800-4c08-8B7A-83BB121AAD01}</UniqueIdentifier>
      <Extensions>rc;ico;cur;bmp;dlg;rc2;rct;bin;rgs;gif;jpg;jpeg;jpe;resx;tiff;tif;png;wav;mfcribbon-ms</Extensions>
    </Filter>
    <Filter Include="ソース ファイル\App">
      <UniqueIdentifier>{9b86b90c-1a4c-4597-9e9f-07f63d222018}</UniqueIdentifier>
    </Filter>
    <Filter Include="ソース ファイル\Sys">
      <UniqueIdentifier>{cffa57d5-877e-42e3-8a96-05c0bb7d8719}</UniqueIdentifier>
    </Filter>
    <Filter Include="ソース ファイル\Game">
      <UniqueIdentifier>{db154b23-c04c-42e5-8240-b5901c5a71be}</UniqueIdentifier>
    </Filter>
    <Filter Include="ソース ファイル\Sys\Aseets">
      <UniqueIdentifier>{2178eb85-9007-42a7-b9d8-0df6b461a68c}</UniqueIdentifier>
    </Filter>
    <Filter Include="ソース ファイル\Sys\DebugPrint">
      <UniqueIdentifier>{d70000d0-d306-4d0b-8370-a2a8749f6f72}</UniqueIdentifier>
    </Filter>
    <Filter Include="ソース ファイル\Sys\EffectManager">
      <UniqueIdentifier>{d51eb77c-ebc2-4da1-82b0-da66c7332839}</UniqueIdentifier>
    </Filter>
    <Filter Include="ソース ファイル\Sys\GlobalEffects">
      <UniqueIdentifier>{ac449544-1532-4de4-b9db-afb9b8b74782}</UniqueIdentifier>
    </Filter>
    <Filter Include="ソース ファイル\Sys\Input">
      <UniqueIdentifier>{5dbaafbe-31c7-490d-b484-8f7fea88f8f6}</UniqueIdentifier>
    </Filter>
    <Filter Include="ソース ファイル\Sys\Lighting">
      <UniqueIdentifier>{f2d53db8-708b-471c-82ac-e56e0048086e}</UniqueIdentifier>
    </Filter>
    <Filter Include="ソース ファイル\Sys\ResourceHandles">
      <UniqueIdentifier>{2b52509e-7d8d-42d8-b729-3128afe99cf1}</UniqueIdentifier>
    </Filter>
  </ItemGroup>
  <ItemGroup>
    <ClCompile Include="main.cpp">
      <Filter>ソース ファイル</Filter>
    </ClCompile>
    <ClCompile Include="Code\DxLibMain.cpp">
      <Filter>ソース ファイル</Filter>
    </ClCompile>
    <ClCompile Include="App\SceneMgr.cpp">
      <Filter>ソース ファイル</Filter>
    </ClCompile>
    <ClCompile Include="Game\Player.cpp">
      <Filter>ソース ファイル</Filter>
    </ClCompile>
    <ClCompile Include="Game\CameraRig.cpp">
      <Filter>ソース ファイル</Filter>
    </ClCompile>
    <ClCompile Include="Game\Enemy.cpp">
      <Filter>ソース ファイル</Filter>
    </ClCompile>
    <ClCompile Include="Game\AuxUnit.cpp">
      <Filter>ソース ファイル</Filter>
    </ClCompile>
    <ClCompile Include="Game\Projectile.cpp">
      <Filter>ソース ファイル</Filter>
    </ClCompile>
    <ClCompile Include="Game\SupportSystem.cpp">
      <Filter>ソース ファイル</Filter>
    </ClCompile>
    <ClCompile Include="Game\UI3D2D.cpp">
      <Filter>ソース ファイル</Filter>
    </ClCompile>
    <ClCompile Include="App\TitleScene.cpp">
      <Filter>ソース ファイル</Filter>
    </ClCompile>
    <ClCompile Include="Game\Player_Init.cpp">
      <Filter>ソース ファイル</Filter>
    </ClCompile>
    <ClCompile Include="Game\Player_Animation.cpp">
      <Filter>ソース ファイル</Filter>
    </ClCompile>
    <ClCompile Include="Game\Player_InputAndMovement.cpp">
      <Filter>ソース ファイル</Filter>
    </ClCompile>
    <ClCompile Include="Game\Player_Draw.cpp">
      <Filter>ソース ファイル</Filter>
    </ClCompile>
    <ClCompile Include="Game\Player_AuxAndCombat.cpp">
      <Filter>ソース ファイル</Filter>
    </ClCompile>
    <ClCompile Include="Sys\Assets.cpp">
      <Filter>ソース ファイル\Sys\Aseets</Filter>
    </ClCompile>
    <ClCompile Include="Sys\EffectManager.cpp">
      <Filter>ソース ファイル\Sys\EffectManager</Filter>
    </ClCompile>
    <ClCompile Include="Sys\GlobalEffects.cpp">
      <Filter>ソース ファイル\Sys\GlobalEffects</Filter>
    </ClCompile>
    <ClCompile Include="Sys\Lighting.cpp">
      <Filter>ソース ファイル\Sys\Lighting</Filter>
    </ClCompile>
    <ClCompile Include="Sys\ResourceHandles.cpp">
      <Filter>ソース ファイル\Sys\ResourceHandles</Filter>
    </ClCompile>
    <ClCompile Include="Sys\FrameLimiter.cpp">
      <Filter>ソース ファイル</Filter>
    </ClCompile>
  </ItemGroup>
  <ItemGroup>
    <ClInclude Include="main.h">
      <Filter>ヘッダー ファイル</Filter>
    </ClInclude>
    <ClInclude Include="App\SceneMgr.h">
      <Filter>ヘッダー ファイル</Filter>
    </ClInclude>
    <ClInclude Include="Game\Player.h">
      <Filter>ヘッダー ファイル</Filter>
    </ClInclude>
    <ClInclude Include="Game\CameraRig.h">
      <Filter>ヘッダー ファイル</Filter>
    </ClInclude>
    <ClInclude Include="Game\Enemy.h">
      <Filter>ヘッダー ファイル</Filter>
    </ClInclude>
    <ClInclude Include="Game\AuxUnit.h">
      <Filter>ヘッダー ファイル</Filter>
    </ClInclude>
    <ClInclude Include="Game\Projectile.h">
      <Filter>ヘッダー ファイル</Filter>
    </ClInclude>
    <ClInclude Include="Game\Support.h">
      <Filter>ヘッダー ファイル</Filter>
    </ClInclude>
    <ClInclude Include="Game\SupportSystem.h">
      <Filter>ヘッダー ファイル</Filter>
    </ClInclude>
    <ClInclude Include="Game\UI3D2D.h">
      <Filter>ヘッダー ファイル</Filter>
    </ClInclude>
    <ClInclude Include="App\TitleScene.h">
      <Filter>ヘッダー ファイル</Filter>
    </ClInclude>
    <ClInclude Include="Sys\Assets.h">
      <Filter>ソース ファイル\Sys\Aseets</Filter>
    </ClInclude>
    <ClInclude Include="Sys\DebugPrint.h">
      <Filter>ソース ファイル\Sys\DebugPrint</Filter>
    </ClInclude>
    <ClInclude Include="Sys\EffectManager.h">
      <Filter>ソース ファイル\Sys\EffectManager</Filter>
    </ClInclude>
    <ClInclude Include="Sys\GlobalEffects.h">
      <Filter>ソース ファイル\Sys\GlobalEffects</Filter>
    </ClInclude>
    <ClInclude Include="Sys\Input.h">
      <Filter>ソース ファイル\Sys\Input</Filter>
    </ClInclude>
    <ClInclude Include="Sys\Lighting.h">
      <Filter>ソース ファイル\Sys\Lighting</Filter>
    </ClInclude>
    <ClInclude Include="Sys\ResourceHandles.h">
      <Filter>ソース ファイル\Sys\ResourceHandles</Filter>
    </ClInclude>
    <ClInclude Include="Sys\FrameLimiter.h">
      <Filter>ヘッダー ファイル</Filter>
    </ClInclude>
  </ItemGroup>
</Project>